
Microsoft Visual Studio Solution File, Format Version 12.00
# Visual Studio Version 17
VisualStudioVersion = 17.10.35122.118
MinimumVisualStudioVersion = 10.0.40219.1
Project("{FAE04EC0-301F-11D3-BF4B-00C04F79EFBC}") = "project_atv", "frm_maiormenos\project_atv.csproj", "{B3D51AA7-55E5-469E-BE70-46A55E335FC5}"
EndProject
Global
	GlobalSection(SolutionConfigurationPlatforms) = preSolution
		Debug|Any CPU = Debug|Any CPU
		Release|Any CPU = Release|Any CPU
	EndGlobalSection
	GlobalSection(ProjectConfigurationPlatforms) = postSolution
		{B3D51AA7-55E5-469E-BE70-46A55E335FC5}.Debug|Any CPU.ActiveCfg = Debug|Any CPU
		{B3D51AA7-55E5-469E-BE70-46A55E335FC5}.Debug|Any CPU.Build.0 = Debug|Any CPU
		{B3D51AA7-55E5-469E-BE70-46A55E335FC5}.Release|Any CPU.ActiveCfg = Release|Any CPU
		{B3D51AA7-55E5-469E-BE70-46A55E335FC5}.Release|Any CPU.Build.0 = Release|Any CPU
	EndGlobalSection
	GlobalSection(SolutionProperties) = preSolution
		HideSolutionNode = FALSE
	EndGlobalSection
	GlobalSection(ExtensibilityGlobals) = postSolution
		SolutionGuid = {8A041FC5-CC0B-43F5-8C94-E814A5DC7A5F}
	EndGlobalSection
EndGlobal
